
Microsoft Visual Studio Solution File, Format Version 12.00
# Visual Studio Version 16
VisualStudioVersion = 16.0.31205.134
MinimumVisualStudioVersion = 10.0.40219.1
Project("{FAE04EC0-301F-11D3-BF4B-00C04F79EFBC}") = "GUI", "GUI\GUI.csproj", "{C1BE6E50-AE96-4770-8E5D-F89BA57AD86C}"
EndProject
Global
	GlobalSection(SolutionConfigurationPlatforms) = preSolution
		Debug|Any CPU = Debug|Any CPU
		Release|Any CPU = Release|Any CPU
	EndGlobalSection
	GlobalSection(ProjectConfigurationPlatforms) = postSolution
		{C1BE6E50-AE96-4770-8E5D-F89BA57AD86C}.Debug|Any CPU.ActiveCfg = Debug|Any CPU
		{C1BE6E50-AE96-4770-8E5D-F89BA57AD86C}.Debug|Any CPU.Build.0 = Debug|Any CPU
		{C1BE6E50-AE96-4770-8E5D-F89BA57AD86C}.Release|Any CPU.ActiveCfg = Release|Any CPU
		{C1BE6E50-AE96-4770-8E5D-F89BA57AD86C}.Release|Any CPU.Build.0 = Release|Any CPU
	EndGlobalSection
	GlobalSection(SolutionProperties) = preSolution
		HideSolutionNode = FALSE
	EndGlobalSection
	GlobalSection(ExtensibilityGlobals) = postSolution
		SolutionGuid = {95256871-F15A-4694-A7D7-8097CD6B11AB}
	EndGlobalSection
EndGlobal
